
Microsoft Visual Studio Solution File, Format Version 12.00
# Visual Studio Version 17
VisualStudioVersion = 17.8.34322.80
MinimumVisualStudioVersion = 10.0.40219.1
Project("{2150E333-8FDC-42A3-9474-1A3956D46DE8}") = "src", "src", "{E4386C9B-5963-440D-BF53-0E7566D2FF4E}"
EndProject
Project("{2150E333-8FDC-42A3-9474-1A3956D46DE8}") = "tests", "tests", "{FC4A4D92-7D61-45F8-B928-815CD7DB8179}"
EndProject
Project("{FAE04EC0-301F-11D3-BF4B-00C04F79EFBC}") = "Web", "Web\Web.csproj", "{A78B3B5A-37B9-4229-BE2C-5CCC97ABC709}"
EndProject
Project("{FAE04EC0-301F-11D3-BF4B-00C04F79EFBC}") = "Core", "Core\Core.csproj", "{3907065D-D1F8-42DA-A2B0-3981AF4D56F9}"
EndProject
Project("{FAE04EC0-301F-11D3-BF4B-00C04F79EFBC}") = "Infrastructure", "Infrastructure\Infrastructure.csproj", "{CB71A07D-2F61-459D-98CC-9D1B5EB05927}"
EndProject
Global
	GlobalSection(SolutionConfigurationPlatforms) = preSolution
		Debug|Any CPU = Debug|Any CPU
		Release|Any CPU = Release|Any CPU
	EndGlobalSection
	GlobalSection(ProjectConfigurationPlatforms) = postSolution
		{A78B3B5A-37B9-4229-BE2C-5CCC97ABC709}.Debug|Any CPU.ActiveCfg = Debug|Any CPU
		{A78B3B5A-37B9-4229-BE2C-5CCC97ABC709}.Debug|Any CPU.Build.0 = Debug|Any CPU
		{A78B3B5A-37B9-4229-BE2C-5CCC97ABC709}.Release|Any CPU.ActiveCfg = Release|Any CPU
		{A78B3B5A-37B9-4229-BE2C-5CCC97ABC709}.Release|Any CPU.Build.0 = Release|Any CPU
		{3907065D-D1F8-42DA-A2B0-3981AF4D56F9}.Debug|Any CPU.ActiveCfg = Debug|Any CPU
		{3907065D-D1F8-42DA-A2B0-3981AF4D56F9}.Debug|Any CPU.Build.0 = Debug|Any CPU
		{3907065D-D1F8-42DA-A2B0-3981AF4D56F9}.Release|Any CPU.ActiveCfg = Release|Any CPU
		{3907065D-D1F8-42DA-A2B0-3981AF4D56F9}.Release|Any CPU.Build.0 = Release|Any CPU
		{CB71A07D-2F61-459D-98CC-9D1B5EB05927}.Debug|Any CPU.ActiveCfg = Debug|Any CPU
		{CB71A07D-2F61-459D-98CC-9D1B5EB05927}.Debug|Any CPU.Build.0 = Debug|Any CPU
		{CB71A07D-2F61-459D-98CC-9D1B5EB05927}.Release|Any CPU.ActiveCfg = Release|Any CPU
		{CB71A07D-2F61-459D-98CC-9D1B5EB05927}.Release|Any CPU.Build.0 = Release|Any CPU
	EndGlobalSection
	GlobalSection(SolutionProperties) = preSolution
		HideSolutionNode = FALSE
	EndGlobalSection
	GlobalSection(NestedProjects) = preSolution
		{A78B3B5A-37B9-4229-BE2C-5CCC97ABC709} = {E4386C9B-5963-440D-BF53-0E7566D2FF4E}
		{3907065D-D1F8-42DA-A2B0-3981AF4D56F9} = {E4386C9B-5963-440D-BF53-0E7566D2FF4E}
		{CB71A07D-2F61-459D-98CC-9D1B5EB05927} = {E4386C9B-5963-440D-BF53-0E7566D2FF4E}
	EndGlobalSection
	GlobalSection(ExtensibilityGlobals) = postSolution
		SolutionGuid = {5D6DB79D-56E4-4AE7-9F0B-5561609A3C39}
	EndGlobalSection
EndGlobal
